
Microsoft Visual Studio Solution File, Format Version 12.00
# Visual Studio Version 16
VisualStudioVersion = 16.0.31702.278
MinimumVisualStudioVersion = 10.0.40219.1
Project("{9A19103F-16F7-4668-BE54-9A1E7A4F7556}") = "Autoreport", "Autoreport.csproj", "{C59CEE72-7203-4A2C-AA8E-CA71C9F54148}"
EndProject
Project("{FAE04EC0-301F-11D3-BF4B-00C04F79EFBC}") = "TestClientService", "..\TestClientService\TestClientService.csproj", "{7EF0F577-57C6-4BE0-BE01-5C0EFCF7A5A6}"
EndProject
Global
	GlobalSection(SolutionConfigurationPlatforms) = preSolution
		Debug|Any CPU = Debug|Any CPU
		Release|Any CPU = Release|Any CPU
	EndGlobalSection
	GlobalSection(ProjectConfigurationPlatforms) = postSolution
		{C59CEE72-7203-4A2C-AA8E-CA71C9F54148}.Debug|Any CPU.ActiveCfg = Debug|Any CPU
		{C59CEE72-7203-4A2C-AA8E-CA71C9F54148}.Debug|Any CPU.Build.0 = Debug|Any CPU
		{C59CEE72-7203-4A2C-AA8E-CA71C9F54148}.Release|Any CPU.ActiveCfg = Release|Any CPU
		{C59CEE72-7203-4A2C-AA8E-CA71C9F54148}.Release|Any CPU.Build.0 = Release|Any CPU
		{7EF0F577-57C6-4BE0-BE01-5C0EFCF7A5A6}.Debug|Any CPU.ActiveCfg = Debug|Any CPU
		{7EF0F577-57C6-4BE0-BE01-5C0EFCF7A5A6}.Debug|Any CPU.Build.0 = Debug|Any CPU
		{7EF0F577-57C6-4BE0-BE01-5C0EFCF7A5A6}.Release|Any CPU.ActiveCfg = Release|Any CPU
		{7EF0F577-57C6-4BE0-BE01-5C0EFCF7A5A6}.Release|Any CPU.Build.0 = Release|Any CPU
	EndGlobalSection
	GlobalSection(SolutionProperties) = preSolution
		HideSolutionNode = FALSE
	EndGlobalSection
	GlobalSection(ExtensibilityGlobals) = postSolution
		SolutionGuid = {D12423C7-5712-4E9B-8DB3-B096D375C076}
	EndGlobalSection
EndGlobal
