
Microsoft Visual Studio Solution File, Format Version 12.00
# Visual Studio Version 17
VisualStudioVersion = 17.0.32014.148
MinimumVisualStudioVersion = 10.0.40219.1
Project("{FAE04EC0-301F-11D3-BF4B-00C04F79EFBC}") = "proekt_a4tech", "proekt_a4tech\proekt_a4tech.csproj", "{F712D49B-2847-4073-9D6A-9B93CED1DADD}"
EndProject
Global
	GlobalSection(SolutionConfigurationPlatforms) = preSolution
		Debug|Any CPU = Debug|Any CPU
		Release|Any CPU = Release|Any CPU
	EndGlobalSection
	GlobalSection(ProjectConfigurationPlatforms) = postSolution
		{F712D49B-2847-4073-9D6A-9B93CED1DADD}.Debug|Any CPU.ActiveCfg = Debug|Any CPU
		{F712D49B-2847-4073-9D6A-9B93CED1DADD}.Debug|Any CPU.Build.0 = Debug|Any CPU
		{F712D49B-2847-4073-9D6A-9B93CED1DADD}.Release|Any CPU.ActiveCfg = Release|Any CPU
		{F712D49B-2847-4073-9D6A-9B93CED1DADD}.Release|Any CPU.Build.0 = Release|Any CPU
	EndGlobalSection
	GlobalSection(SolutionProperties) = preSolution
		HideSolutionNode = FALSE
	EndGlobalSection
	GlobalSection(ExtensibilityGlobals) = postSolution
		SolutionGuid = {0629223E-8C3A-4810-994E-6E61C007258F}
	EndGlobalSection
EndGlobal
